
Microsoft Visual Studio Solution File, Format Version 12.00
# Visual Studio Version 17
VisualStudioVersion = 17.9.34902.65
MinimumVisualStudioVersion = 10.0.40219.1
Project("{9A19103F-16F7-4668-BE54-9A1E7A4F7556}") = "ShapeCalculations.Library", "ShapeCalculations.Library\ShapeCalculations.Library.csproj", "{0D837D1F-333B-4241-943D-CA23CBD7188C}"
EndProject
Project("{9A19103F-16F7-4668-BE54-9A1E7A4F7556}") = "ShapeCalculations.Client", "ShapeCalculations.Client\ShapeCalculations.Client.csproj", "{5FEBFA4D-BB94-4988-83D3-A7124AD62A2F}"
EndProject
Project("{FAE04EC0-301F-11D3-BF4B-00C04F79EFBC}") = "ShapeCalculations.UnitTests", "ShapeCalculations.UnitTests\ShapeCalculations.UnitTests.csproj", "{30C9CCC6-0D91-467F-8DED-6949C1D51E00}"
EndProject
Global
	GlobalSection(SolutionConfigurationPlatforms) = preSolution
		Debug|Any CPU = Debug|Any CPU
		Release|Any CPU = Release|Any CPU
	EndGlobalSection
	GlobalSection(ProjectConfigurationPlatforms) = postSolution
		{0D837D1F-333B-4241-943D-CA23CBD7188C}.Debug|Any CPU.ActiveCfg = Debug|Any CPU
		{0D837D1F-333B-4241-943D-CA23CBD7188C}.Debug|Any CPU.Build.0 = Debug|Any CPU
		{0D837D1F-333B-4241-943D-CA23CBD7188C}.Release|Any CPU.ActiveCfg = Release|Any CPU
		{0D837D1F-333B-4241-943D-CA23CBD7188C}.Release|Any CPU.Build.0 = Release|Any CPU
		{5FEBFA4D-BB94-4988-83D3-A7124AD62A2F}.Debug|Any CPU.ActiveCfg = Debug|Any CPU
		{5FEBFA4D-BB94-4988-83D3-A7124AD62A2F}.Debug|Any CPU.Build.0 = Debug|Any CPU
		{5FEBFA4D-BB94-4988-83D3-A7124AD62A2F}.Release|Any CPU.ActiveCfg = Release|Any CPU
		{5FEBFA4D-BB94-4988-83D3-A7124AD62A2F}.Release|Any CPU.Build.0 = Release|Any CPU
		{30C9CCC6-0D91-467F-8DED-6949C1D51E00}.Debug|Any CPU.ActiveCfg = Debug|Any CPU
		{30C9CCC6-0D91-467F-8DED-6949C1D51E00}.Debug|Any CPU.Build.0 = Debug|Any CPU
		{30C9CCC6-0D91-467F-8DED-6949C1D51E00}.Release|Any CPU.ActiveCfg = Release|Any CPU
		{30C9CCC6-0D91-467F-8DED-6949C1D51E00}.Release|Any CPU.Build.0 = Release|Any CPU
	EndGlobalSection
	GlobalSection(SolutionProperties) = preSolution
		HideSolutionNode = FALSE
	EndGlobalSection
	GlobalSection(ExtensibilityGlobals) = postSolution
		SolutionGuid = {28398BCD-8F33-4241-8F8F-63C36E6EF57C}
	EndGlobalSection
EndGlobal
